
Microsoft Visual Studio Solution File, Format Version 12.00
# Visual Studio Version 17
VisualStudioVersion = 17.7.34202.233
MinimumVisualStudioVersion = 10.0.40219.1
Project("{8BC9CEB8-8B4A-11D0-8D11-00A0C91BC942}") = "InstallerCreator", "InstallerCreator\InstallerCreator.vcxproj", "{C860B7B3-FF06-4B00-989B-EEEB71D1844D}"
EndProject
Project("{8BC9CEB8-8B4A-11D0-8D11-00A0C91BC942}") = "Installer", "Installer\Installer.vcxproj", "{CA7B24F8-475B-4D1B-B2FD-6B14FCBDCA62}"
EndProject
Project("{8BC9CEB8-8B4A-11D0-8D11-00A0C91BC942}") = "Uninstaller", "Uninstaller\Uninstaller.vcxproj", "{CBDACBE6-2F91-4F63-A49E-A8B0A4867FD1}"
EndProject
Project("{8BC9CEB8-8B4A-11D0-8D11-00A0C91BC942}") = "Common", "Common\Common.vcxitems", "{B46C371D-1D9F-47AA-90B3-4B17F3378294}"
EndProject
Project("{8BC9CEB8-8B4A-11D0-8D11-00A0C91BC942}") = "Doc", "Doc\Doc.vcxitems", "{D93A8B5D-288E-4E9F-91FA-C24C1725AAE4}"
EndProject
Project("{2150E333-8FDC-42A3-9474-1A3956D46DE8}") = "解决方案项", "解决方案项", "{AD1E2DF5-AAD6-4CFC-9359-6C3D1FEA626A}"
	ProjectSection(SolutionItems) = preProject
		README.md = README.md
	EndProjectSection
EndProject
Global
	GlobalSection(SolutionConfigurationPlatforms) = preSolution
		Debug|x64 = Debug|x64
		Debug|x86 = Debug|x86
		Release|x64 = Release|x64
		Release|x86 = Release|x86
	EndGlobalSection
	GlobalSection(ProjectConfigurationPlatforms) = postSolution
		{C860B7B3-FF06-4B00-989B-EEEB71D1844D}.Debug|x64.ActiveCfg = Debug|x64
		{C860B7B3-FF06-4B00-989B-EEEB71D1844D}.Debug|x64.Build.0 = Debug|x64
		{C860B7B3-FF06-4B00-989B-EEEB71D1844D}.Debug|x86.ActiveCfg = Debug|Win32
		{C860B7B3-FF06-4B00-989B-EEEB71D1844D}.Debug|x86.Build.0 = Debug|Win32
		{C860B7B3-FF06-4B00-989B-EEEB71D1844D}.Release|x64.ActiveCfg = Release|x64
		{C860B7B3-FF06-4B00-989B-EEEB71D1844D}.Release|x64.Build.0 = Release|x64
		{C860B7B3-FF06-4B00-989B-EEEB71D1844D}.Release|x86.ActiveCfg = Release|Win32
		{C860B7B3-FF06-4B00-989B-EEEB71D1844D}.Release|x86.Build.0 = Release|Win32
		{CA7B24F8-475B-4D1B-B2FD-6B14FCBDCA62}.Debug|x64.ActiveCfg = Debug|x64
		{CA7B24F8-475B-4D1B-B2FD-6B14FCBDCA62}.Debug|x64.Build.0 = Debug|x64
		{CA7B24F8-475B-4D1B-B2FD-6B14FCBDCA62}.Debug|x86.ActiveCfg = Debug|Win32
		{CA7B24F8-475B-4D1B-B2FD-6B14FCBDCA62}.Debug|x86.Build.0 = Debug|Win32
		{CA7B24F8-475B-4D1B-B2FD-6B14FCBDCA62}.Release|x64.ActiveCfg = Release|x64
		{CA7B24F8-475B-4D1B-B2FD-6B14FCBDCA62}.Release|x64.Build.0 = Release|x64
		{CA7B24F8-475B-4D1B-B2FD-6B14FCBDCA62}.Release|x86.ActiveCfg = Release|Win32
		{CA7B24F8-475B-4D1B-B2FD-6B14FCBDCA62}.Release|x86.Build.0 = Release|Win32
		{CBDACBE6-2F91-4F63-A49E-A8B0A4867FD1}.Debug|x64.ActiveCfg = Debug|x64
		{CBDACBE6-2F91-4F63-A49E-A8B0A4867FD1}.Debug|x64.Build.0 = Debug|x64
		{CBDACBE6-2F91-4F63-A49E-A8B0A4867FD1}.Debug|x86.ActiveCfg = Debug|Win32
		{CBDACBE6-2F91-4F63-A49E-A8B0A4867FD1}.Debug|x86.Build.0 = Debug|Win32
		{CBDACBE6-2F91-4F63-A49E-A8B0A4867FD1}.Release|x64.ActiveCfg = Release|x64
		{CBDACBE6-2F91-4F63-A49E-A8B0A4867FD1}.Release|x64.Build.0 = Release|x64
		{CBDACBE6-2F91-4F63-A49E-A8B0A4867FD1}.Release|x86.ActiveCfg = Release|Win32
		{CBDACBE6-2F91-4F63-A49E-A8B0A4867FD1}.Release|x86.Build.0 = Release|Win32
	EndGlobalSection
	GlobalSection(SolutionProperties) = preSolution
		HideSolutionNode = FALSE
	EndGlobalSection
	GlobalSection(ExtensibilityGlobals) = postSolution
		SolutionGuid = {7222A85C-4AB2-4B2A-92E2-C062B872269E}
	EndGlobalSection
	GlobalSection(SharedMSBuildProjectFiles) = preSolution
		Common\Common.vcxitems*{b46c371d-1d9f-47aa-90b3-4b17f3378294}*SharedItemsImports = 9
		Common\Common.vcxitems*{ca7b24f8-475b-4d1b-b2fd-6b14fcbdca62}*SharedItemsImports = 4
		Doc\Doc.vcxitems*{d93a8b5d-288e-4e9f-91fa-c24c1725aae4}*SharedItemsImports = 9
	EndGlobalSection
EndGlobal
